
Microsoft Visual Studio Solution File, Format Version 12.00
Project("{FAE04EC0-301F-11D3-BF4B-00C04F79EFBC}") = "SteamSwitcher", "SteamSwitcher\SteamSwitcher.csproj", "{EF640EB0-138D-478A-9C8F-797A03CC2E0F}"
EndProject
Global
	GlobalSection(SolutionConfigurationPlatforms) = preSolution
		Debug|Any CPU = Debug|Any CPU
		Release|Any CPU = Release|Any CPU
	EndGlobalSection
	GlobalSection(ProjectConfigurationPlatforms) = postSolution
		{EF640EB0-138D-478A-9C8F-797A03CC2E0F}.Debug|Any CPU.ActiveCfg = Debug|Any CPU
		{EF640EB0-138D-478A-9C8F-797A03CC2E0F}.Debug|Any CPU.Build.0 = Debug|Any CPU
		{EF640EB0-138D-478A-9C8F-797A03CC2E0F}.Release|Any CPU.ActiveCfg = Release|Any CPU
		{EF640EB0-138D-478A-9C8F-797A03CC2E0F}.Release|Any CPU.Build.0 = Release|Any CPU
	EndGlobalSection
EndGlobal
